
Microsoft Visual Studio Solution File, Format Version 12.00
# Visual Studio 14
VisualStudioVersion = 14.0.24720.0
MinimumVisualStudioVersion = 10.0.40219.1
Project("{FAE04EC0-301F-11D3-BF4B-00C04F79EFBC}") = "JWS.Fields.Library", "JWS.Fields.Library\JWS.Fields.Library.csproj", "{BF18D464-C417-4230-8478-996BFE4A20FB}"
EndProject
Project("{2150E333-8FDC-42A3-9474-1A3956D46DE8}") = "Sitecore Packages", "Sitecore Packages", "{8F75C205-66D2-42E4-AC3D-7DE8AD91B4BE}"
	ProjectSection(SolutionItems) = preProject
		Sitecore Packages\Google Maps Field-1.1.zip = Sitecore Packages\Google Maps Field-1.1.zip
	EndProjectSection
EndProject
Project("{2150E333-8FDC-42A3-9474-1A3956D46DE8}") = "Include", "Include", "{44C4A500-42D2-44A9-910E-EA23FA392931}"
	ProjectSection(SolutionItems) = preProject
		Include\Statistics\StatisticsRegistration.config = Include\Statistics\StatisticsRegistration.config
	EndProjectSection
EndProject
Global
	GlobalSection(SolutionConfigurationPlatforms) = preSolution
		Debug|Any CPU = Debug|Any CPU
		Release|Any CPU = Release|Any CPU
	EndGlobalSection
	GlobalSection(ProjectConfigurationPlatforms) = postSolution
		{BF18D464-C417-4230-8478-996BFE4A20FB}.Debug|Any CPU.ActiveCfg = Debug|Any CPU
		{BF18D464-C417-4230-8478-996BFE4A20FB}.Debug|Any CPU.Build.0 = Debug|Any CPU
		{BF18D464-C417-4230-8478-996BFE4A20FB}.Release|Any CPU.ActiveCfg = Release|Any CPU
		{BF18D464-C417-4230-8478-996BFE4A20FB}.Release|Any CPU.Build.0 = Release|Any CPU
	EndGlobalSection
	GlobalSection(SolutionProperties) = preSolution
		HideSolutionNode = FALSE
	EndGlobalSection
EndGlobal
